<?xml version="1.0" encoding="UTF-8" standalone="yes" ?>
<CodeBlocks_project_file>
	<FileVersion major="1" minor="6" />
	<Project>
		<Option title="kl02" />
		<Option pch_mode="2" />
		<Option compiler="armelfgcc" />
		<Build>
			<Target title="Debug">
				<Option output="bin/Debug/kl02.elf" prefix_auto="0" extension_auto="0" />
				<Option working_dir="bin/Debug" />
				<Option object_output="obj/Debug/" />
				<Option type="1" />
				<Option compiler="armelfgcc" />
				<Compiler>
					<Add option="-g" />
				</Compiler>
				<ExtraCommands>
					<Add after="arm-none-eabi-objcopy -O ihex bin/Debug/kl02.elf bin/Debug/kl02.hex" />
				</ExtraCommands>
			</Target>
		</Build>
		<Compiler>
			<Add option="-Os" />
			<Add option="-Wall" />
			<Add option="-mthumb -mcpu=cortex-m0plus -fdata-sections -ffunction-sections" />
		</Compiler>
		<Linker>
			<Add option="-mthumb -mcpu=cortex-m0plus --specs=rdimon.specs --specs=nano.specs -Wl,--gc-sections,-Map,kl02.map,-Tlink.ld" />
		</Linker>
		<Unit filename="Makefile" />
		<Unit filename="link.ld" />
		<Unit filename="src/MKL02Z4.h" />
		<Unit filename="src/delay.c">
			<Option compilerVar="CC" />
		</Unit>
		<Unit filename="src/delay.h" />
		<Unit filename="src/font_5x8.c">
			<Option compilerVar="CC" />
		</Unit>
		<Unit filename="src/font_5x8.h" />
		<Unit filename="src/interrupts.c">
			<Option compilerVar="CC" />
		</Unit>
		<Unit filename="src/interrupts.h" />
		<Unit filename="src/main.c">
			<Option compilerVar="CC" />
		</Unit>
		<Unit filename="src/noahs_face.c">
			<Option compilerVar="CC" />
		</Unit>
		<Unit filename="src/noahs_face.h" />
		<Unit filename="src/ssd1306.c">
			<Option compilerVar="CC" />
		</Unit>
		<Unit filename="src/ssd1306.h" />
		<Unit filename="src/startup.c">
			<Option compilerVar="CC" />
		</Unit>
		<Unit filename="src/startup.h" />
		<Unit filename="src/systick.c">
			<Option compilerVar="CC" />
		</Unit>
		<Unit filename="src/systick.h" />
		<Extensions>
			<code_completion />
			<envvars />
			<debugger>
				<remote_debugging>
					<options conn_type="0" serial_baud="115200" ip_address="localhost" ip_port="2331" additional_cmds="monitor reset 0&#x0A;load&#x0A;monitor semihosting enable" />
				</remote_debugging>
				<remote_debugging target="Debug">
					<options conn_type="0" serial_baud="115200" ip_address="localhost" ip_port="2331" additional_cmds="monitor reset 0&#x0A;load" />
				</remote_debugging>
			</debugger>
			<lib_finder disable_auto="1" />
			<DoxyBlocks>
				<comment_style block="0" line="0" />
				<doxyfile_project />
				<doxyfile_build />
				<doxyfile_warnings />
				<doxyfile_output />
				<doxyfile_dot />
				<general />
			</DoxyBlocks>
		</Extensions>
	</Project>
</CodeBlocks_project_file>
